
Microsoft Visual Studio Solution File, Format Version 12.00
# Visual Studio Version 17
VisualStudioVersion = 17.0.31903.59
MinimumVisualStudioVersion = 10.0.40219.1
Project("{FAE04EC0-301F-11D3-BF4B-00C04F79EFBC}") = "QT1", "QT1\QT1.csproj", "{BF8D517C-7867-4239-8984-5155249F9322}"
EndProject
Project("{FAE04EC0-301F-11D3-BF4B-00C04F79EFBC}") = "QT2", "QT2\QT2.csproj", "{E9912666-E88F-4B7C-A20F-E1CFE41D9E19}"
EndProject
Project("{FAE04EC0-301F-11D3-BF4B-00C04F79EFBC}") = "QT3", "QT3\QT3.csproj", "{B4C2A2E3-EF0A-40EA-B80D-1AFECD70F351}"
EndProject
Project("{FAE04EC0-301F-11D3-BF4B-00C04F79EFBC}") = "QT4", "QT4\QT4.csproj", "{874D1BD3-A191-476B-AEA8-4A9737BB2A17}"
EndProject
Project("{FAE04EC0-301F-11D3-BF4B-00C04F79EFBC}") = "QT5", "QT5\QT5.csproj", "{212C58A4-34BD-4E77-991F-3E2FC480E4DC}"
EndProject
Project("{FAE04EC0-301F-11D3-BF4B-00C04F79EFBC}") = "QT6", "QT6\QT6.csproj", "{8FDA4DD4-80BD-4F35-BFB2-AC187F4C1D27}"
EndProject
Project("{FAE04EC0-301F-11D3-BF4B-00C04F79EFBC}") = "QT7", "QT7\QT7.csproj", "{D29FFFC0-F8B3-4106-8A65-685DC55932D6}"
EndProject
Project("{FAE04EC0-301F-11D3-BF4B-00C04F79EFBC}") = "QT8", "QT8\QT8.csproj", "{B8C01E17-3BAE-4ECA-A654-5ECB07EA2C63}"
EndProject
Project("{FAE04EC0-301F-11D3-BF4B-00C04F79EFBC}") = "QT9", "QT9\QT9.csproj", "{FAF30EF4-7318-47D8-9EC5-E781E69D13AF}"
EndProject
Project("{FAE04EC0-301F-11D3-BF4B-00C04F79EFBC}") = "QT10", "QT10\QT10.csproj", "{50CD59BE-58D4-4353-AD59-B58C70E22919}"
EndProject
Global
	GlobalSection(SolutionConfigurationPlatforms) = preSolution
		Debug|Any CPU = Debug|Any CPU
		Release|Any CPU = Release|Any CPU
	EndGlobalSection
	GlobalSection(SolutionProperties) = preSolution
		HideSolutionNode = FALSE
	EndGlobalSection
	GlobalSection(ProjectConfigurationPlatforms) = postSolution
		{BF8D517C-7867-4239-8984-5155249F9322}.Debug|Any CPU.ActiveCfg = Debug|Any CPU
		{BF8D517C-7867-4239-8984-5155249F9322}.Debug|Any CPU.Build.0 = Debug|Any CPU
		{BF8D517C-7867-4239-8984-5155249F9322}.Release|Any CPU.ActiveCfg = Release|Any CPU
		{BF8D517C-7867-4239-8984-5155249F9322}.Release|Any CPU.Build.0 = Release|Any CPU
		{E9912666-E88F-4B7C-A20F-E1CFE41D9E19}.Debug|Any CPU.ActiveCfg = Debug|Any CPU
		{E9912666-E88F-4B7C-A20F-E1CFE41D9E19}.Debug|Any CPU.Build.0 = Debug|Any CPU
		{E9912666-E88F-4B7C-A20F-E1CFE41D9E19}.Release|Any CPU.ActiveCfg = Release|Any CPU
		{E9912666-E88F-4B7C-A20F-E1CFE41D9E19}.Release|Any CPU.Build.0 = Release|Any CPU
		{B4C2A2E3-EF0A-40EA-B80D-1AFECD70F351}.Debug|Any CPU.ActiveCfg = Debug|Any CPU
		{B4C2A2E3-EF0A-40EA-B80D-1AFECD70F351}.Debug|Any CPU.Build.0 = Debug|Any CPU
		{B4C2A2E3-EF0A-40EA-B80D-1AFECD70F351}.Release|Any CPU.ActiveCfg = Release|Any CPU
		{B4C2A2E3-EF0A-40EA-B80D-1AFECD70F351}.Release|Any CPU.Build.0 = Release|Any CPU
		{874D1BD3-A191-476B-AEA8-4A9737BB2A17}.Debug|Any CPU.ActiveCfg = Debug|Any CPU
		{874D1BD3-A191-476B-AEA8-4A9737BB2A17}.Debug|Any CPU.Build.0 = Debug|Any CPU
		{874D1BD3-A191-476B-AEA8-4A9737BB2A17}.Release|Any CPU.ActiveCfg = Release|Any CPU
		{874D1BD3-A191-476B-AEA8-4A9737BB2A17}.Release|Any CPU.Build.0 = Release|Any CPU
		{212C58A4-34BD-4E77-991F-3E2FC480E4DC}.Debug|Any CPU.ActiveCfg = Debug|Any CPU
		{212C58A4-34BD-4E77-991F-3E2FC480E4DC}.Debug|Any CPU.Build.0 = Debug|Any CPU
		{212C58A4-34BD-4E77-991F-3E2FC480E4DC}.Release|Any CPU.ActiveCfg = Release|Any CPU
		{212C58A4-34BD-4E77-991F-3E2FC480E4DC}.Release|Any CPU.Build.0 = Release|Any CPU
		{8FDA4DD4-80BD-4F35-BFB2-AC187F4C1D27}.Debug|Any CPU.ActiveCfg = Debug|Any CPU
		{8FDA4DD4-80BD-4F35-BFB2-AC187F4C1D27}.Debug|Any CPU.Build.0 = Debug|Any CPU
		{8FDA4DD4-80BD-4F35-BFB2-AC187F4C1D27}.Release|Any CPU.ActiveCfg = Release|Any CPU
		{8FDA4DD4-80BD-4F35-BFB2-AC187F4C1D27}.Release|Any CPU.Build.0 = Release|Any CPU
		{D29FFFC0-F8B3-4106-8A65-685DC55932D6}.Debug|Any CPU.ActiveCfg = Debug|Any CPU
		{D29FFFC0-F8B3-4106-8A65-685DC55932D6}.Debug|Any CPU.Build.0 = Debug|Any CPU
		{D29FFFC0-F8B3-4106-8A65-685DC55932D6}.Release|Any CPU.ActiveCfg = Release|Any CPU
		{D29FFFC0-F8B3-4106-8A65-685DC55932D6}.Release|Any CPU.Build.0 = Release|Any CPU
		{B8C01E17-3BAE-4ECA-A654-5ECB07EA2C63}.Debug|Any CPU.ActiveCfg = Debug|Any CPU
		{B8C01E17-3BAE-4ECA-A654-5ECB07EA2C63}.Debug|Any CPU.Build.0 = Debug|Any CPU
		{B8C01E17-3BAE-4ECA-A654-5ECB07EA2C63}.Release|Any CPU.ActiveCfg = Release|Any CPU
		{B8C01E17-3BAE-4ECA-A654-5ECB07EA2C63}.Release|Any CPU.Build.0 = Release|Any CPU
		{FAF30EF4-7318-47D8-9EC5-E781E69D13AF}.Debug|Any CPU.ActiveCfg = Debug|Any CPU
		{FAF30EF4-7318-47D8-9EC5-E781E69D13AF}.Debug|Any CPU.Build.0 = Debug|Any CPU
		{FAF30EF4-7318-47D8-9EC5-E781E69D13AF}.Release|Any CPU.ActiveCfg = Release|Any CPU
		{FAF30EF4-7318-47D8-9EC5-E781E69D13AF}.Release|Any CPU.Build.0 = Release|Any CPU
		{50CD59BE-58D4-4353-AD59-B58C70E22919}.Debug|Any CPU.ActiveCfg = Debug|Any CPU
		{50CD59BE-58D4-4353-AD59-B58C70E22919}.Debug|Any CPU.Build.0 = Debug|Any CPU
		{50CD59BE-58D4-4353-AD59-B58C70E22919}.Release|Any CPU.ActiveCfg = Release|Any CPU
		{50CD59BE-58D4-4353-AD59-B58C70E22919}.Release|Any CPU.Build.0 = Release|Any CPU
	EndGlobalSection
EndGlobal
